// !$*UTF8*$!
{
	archiveVersion = 1;
	classes = {
	};
	objectVersion = 55;
	objects = {

/* Begin PBXBuildFile section */
		13B07FBC1A68108700A75B9A /* AppDelegate.m in Sources */ = {isa = PBXBuildFile; fileRef = 13B07FB01A68108700A75B9A /* AppDelegate.m */; };
		13B07FBF1A68108700A75B9A /* Images.xcassets in Resources */ = {isa = PBXBuildFile; fileRef = 13B07FB51A68108700A75B9A /* Images.xcassets */; };
		13B07FC11A68108700A75B9A /* main.m in Sources */ = {isa = PBXBuildFile; fileRef = 13B07FB71A68108700A75B9A /* main.m */; };
		28692AE02946A99D00576CAB /* MuseoSansRounded500.otf in Resources */ = {isa = PBXBuildFile; fileRef = 28692ADF2946A99D00576CAB /* MuseoSansRounded500.otf */; };
		28692AE22946AAD700576CAB /* MuseoSansRounded300.otf in Resources */ = {isa = PBXBuildFile; fileRef = 28692AE12946AAD700576CAB /* MuseoSansRounded300.otf */; };
		28692AE42946AADD00576CAB /* MuseoSansRounded900.otf in Resources */ = {isa = PBXBuildFile; fileRef = 28692AE32946AADD00576CAB /* MuseoSansRounded900.otf */; };
		28692AE62946AAE100576CAB /* HarbourBold.otf in Resources */ = {isa = PBXBuildFile; fileRef = 28692AE52946AAE100576CAB /* HarbourBold.otf */; };
		5C2620882942607400ACCAC1 /* PermissionsAndroid in Resources */ = {isa = PBXBuildFile; fileRef = 5C2620512942606A00ACCAC1 /* PermissionsAndroid */; };
		5C26208B2942607400ACCAC1 /* Animated in Resources */ = {isa = PBXBuildFile; fileRef = 5C2620542942606A00ACCAC1 /* Animated */; };
		5C26208D2942607400ACCAC1 /* Utilities in Resources */ = {isa = PBXBuildFile; fileRef = 5C2620562942606B00ACCAC1 /* Utilities */; };
		5C26208E2942607400ACCAC1 /* StyleSheet in Resources */ = {isa = PBXBuildFile; fileRef = 5C2620572942606B00ACCAC1 /* StyleSheet */; };
		5C26208F2942607400ACCAC1 /* AppState in Resources */ = {isa = PBXBuildFile; fileRef = 5C2620582942606B00ACCAC1 /* AppState */; };
		5C2620912942607400ACCAC1 /* Core in Resources */ = {isa = PBXBuildFile; fileRef = 5C26205A2942606B00ACCAC1 /* Core */; };
		5C2620982942607400ACCAC1 /* polyfills in Resources */ = {isa = PBXBuildFile; fileRef = 5C2620612942606D00ACCAC1 /* polyfills */; };
		5C2620A02942607400ACCAC1 /* Components in Resources */ = {isa = PBXBuildFile; fileRef = 5C2620692942606E00ACCAC1 /* Components */; };
		5C2620A22942607400ACCAC1 /* Text in Resources */ = {isa = PBXBuildFile; fileRef = 5C26206B2942606E00ACCAC1 /* Text */; };
		5C2620A72942607400ACCAC1 /* NativeAnimation in Resources */ = {isa = PBXBuildFile; fileRef = 5C2620702942606F00ACCAC1 /* NativeAnimation */; };
		5C2620A82942607400ACCAC1 /* Modal in Resources */ = {isa = PBXBuildFile; fileRef = 5C2620712942606F00ACCAC1 /* Modal */; };
		5C2620B22942607400ACCAC1 /* CameraRoll in Resources */ = {isa = PBXBuildFile; fileRef = 5C26207B2942607200ACCAC1 /* CameraRoll */; };
		5C2620B82942607400ACCAC1 /* ReactNative in Resources */ = {isa = PBXBuildFile; fileRef = 5C2620812942607300ACCAC1 /* ReactNative */; };
		5C2620BE294260C600ACCAC1 /* libViroReact.a in Frameworks */ = {isa = PBXBuildFile; fileRef = 5C2620BD294260C600ACCAC1 /* libViroReact.a */; };
		5C2620C02942636900ACCAC1 /* ViroRenderer in Resources */ = {isa = PBXBuildFile; fileRef = 5C2620BF2942636900ACCAC1 /* ViroRenderer */; };
		5C2620C229426AEA00ACCAC1 /* ARKit.framework in Frameworks */ = {isa = PBXBuildFile; fileRef = 5C2620C129426AEA00ACCAC1 /* ARKit.framework */; };
		5C2620C429426B0300ACCAC1 /* AssetsLibrary.framework in Frameworks */ = {isa = PBXBuildFile; fileRef = 5C2620C329426B0300ACCAC1 /* AssetsLibrary.framework */; };
		5C2620C629426B7400ACCAC1 /* libReact-Core.a in Frameworks */ = {isa = PBXBuildFile; fileRef = 5C2620C529426B7400ACCAC1 /* libReact-Core.a */; };
		5C262100294296E600ACCAC1 /* bootsplash_logo@4x.png in Resources */ = {isa = PBXBuildFile; fileRef = 5C2620F7294296E500ACCAC1 /* bootsplash_logo@4x.png */; };
		5C262101294296E600ACCAC1 /* vrx in Resources */ = {isa = PBXBuildFile; fileRef = 5C2620F8294296E500ACCAC1 /* vrx */; };
		5C262102294296E600ACCAC1 /* mp3 in Resources */ = {isa = PBXBuildFile; fileRef = 5C2620F9294296E500ACCAC1 /* mp3 */; };
		5C262103294296E600ACCAC1 /* bootsplash_logo@2x.png in Resources */ = {isa = PBXBuildFile; fileRef = 5C2620FA294296E500ACCAC1 /* bootsplash_logo@2x.png */; };
		5C262104294296E600ACCAC1 /* bootsplash_logo@3x.png in Resources */ = {isa = PBXBuildFile; fileRef = 5C2620FB294296E600ACCAC1 /* bootsplash_logo@3x.png */; };
		5C262105294296E600ACCAC1 /* bootsplash_logo@1,5x.png in Resources */ = {isa = PBXBuildFile; fileRef = 5C2620FC294296E600ACCAC1 /* bootsplash_logo@1,5x.png */; };
		5C262107294296E600ACCAC1 /* images in Resources */ = {isa = PBXBuildFile; fileRef = 5C2620FE294296E600ACCAC1 /* images */; };
		5C262108294296E600ACCAC1 /* bootsplash_logo.png in Resources */ = {isa = PBXBuildFile; fileRef = 5C2620FF294296E600ACCAC1 /* bootsplash_logo.png */; };
		5C26210B2942994100ACCAC1 /* assets in Resources */ = {isa = PBXBuildFile; fileRef = 5C262109294297FD00ACCAC1 /* assets */; };
		5C29FBFB2942499B00BE91AB /* LaunchScreen.storyboard in Resources */ = {isa = PBXBuildFile; fileRef = 5C29FBFA2942499B00BE91AB /* LaunchScreen.storyboard */; };
		EA799BC01B9A7A335FA3EEA9 /* libPods-BotranExperience.a in Frameworks */ = {isa = PBXBuildFile; fileRef = 3C425F60B03E5671AF73E2FE /* libPods-BotranExperience.a */; };
		ED297163215061F000B7C4FE /* JavaScriptCore.framework in Frameworks */ = {isa = PBXBuildFile; fileRef = ED297162215061F000B7C4FE /* JavaScriptCore.framework */; };
/* End PBXBuildFile section */

/* Begin PBXFileReference section */
		132B6454729E49DD91A745D0 /* libRNLocalize.a */ = {isa = PBXFileReference; explicitFileType = undefined; fileEncoding = 9; includeInIndex = 0; lastKnownFileType = archive.ar; path = libRNLocalize.a; sourceTree = "<group>"; };
		13B07F961A680F5B00A75B9A /* BotranExperience.app */ = {isa = PBXFileReference; explicitFileType = wrapper.application; includeInIndex = 0; path = BotranExperience.app; sourceTree = BUILT_PRODUCTS_DIR; };
		13B07FAF1A68108700A75B9A /* AppDelegate.h */ = {isa = PBXFileReference; fileEncoding = 4; lastKnownFileType = sourcecode.c.h; name = AppDelegate.h; path = BotranExperience/AppDelegate.h; sourceTree = "<group>"; };
		13B07FB01A68108700A75B9A /* AppDelegate.m */ = {isa = PBXFileReference; fileEncoding = 4; lastKnownFileType = sourcecode.c.objc; name = AppDelegate.m; path = BotranExperience/AppDelegate.m; sourceTree = "<group>"; };
		13B07FB51A68108700A75B9A /* Images.xcassets */ = {isa = PBXFileReference; lastKnownFileType = folder.assetcatalog; name = Images.xcassets; path = BotranExperience/Images.xcassets; sourceTree = "<group>"; };
		13B07FB71A68108700A75B9A /* main.m */ = {isa = PBXFileReference; fileEncoding = 4; lastKnownFileType = sourcecode.c.objc; name = main.m; path = BotranExperience/main.m; sourceTree = "<group>"; };
		219F5D48B8424050955A6450 /* libRNVectorIcons.a */ = {isa = PBXFileReference; explicitFileType = undefined; fileEncoding = 9; includeInIndex = 0; lastKnownFileType = archive.ar; path = libRNVectorIcons.a; sourceTree = "<group>"; };
		25737DBE6AF547DDBC2F6349 /* libBVLinearGradient.a */ = {isa = PBXFileReference; explicitFileType = undefined; fileEncoding = 9; includeInIndex = 0; lastKnownFileType = archive.ar; path = libBVLinearGradient.a; sourceTree = "<group>"; };
		28692ADF2946A99D00576CAB /* MuseoSansRounded500.otf */ = {isa = PBXFileReference; lastKnownFileType = file; path = MuseoSansRounded500.otf; sourceTree = "<group>"; };
		28692AE12946AAD700576CAB /* MuseoSansRounded300.otf */ = {isa = PBXFileReference; lastKnownFileType = file; path = MuseoSansRounded300.otf; sourceTree = "<group>"; };
		28692AE32946AADD00576CAB /* MuseoSansRounded900.otf */ = {isa = PBXFileReference; lastKnownFileType = file; path = MuseoSansRounded900.otf; sourceTree = "<group>"; };
		28692AE52946AAE100576CAB /* HarbourBold.otf */ = {isa = PBXFileReference; lastKnownFileType = file; path = HarbourBold.otf; sourceTree = "<group>"; };
		2D16E6891FA4F8E400B85C8A /* libReact.a */ = {isa = PBXFileReference; explicitFileType = archive.ar; path = libReact.a; sourceTree = BUILT_PRODUCTS_DIR; };
		3C425F60B03E5671AF73E2FE /* libPods-BotranExperience.a */ = {isa = PBXFileReference; explicitFileType = archive.ar; includeInIndex = 0; path = "libPods-BotranExperience.a"; sourceTree = BUILT_PRODUCTS_DIR; };
		5C26204F2942606A00ACCAC1 /* Network */ = {isa = PBXFileReference; lastKnownFileType = folder; name = Network; path = "../node_modules/react-native/Libraries/Network"; sourceTree = "<group>"; };
		5C2620502942606A00ACCAC1 /* ReactPrivate */ = {isa = PBXFileReference; lastKnownFileType = folder; name = ReactPrivate; path = "../node_modules/react-native/Libraries/ReactPrivate"; sourceTree = "<group>"; };
		5C2620512942606A00ACCAC1 /* PermissionsAndroid */ = {isa = PBXFileReference; lastKnownFileType = folder; name = PermissionsAndroid; path = "../node_modules/react-native/Libraries/PermissionsAndroid"; sourceTree = "<group>"; };
		5C2620522942606A00ACCAC1 /* SurfaceBackedComponent */ = {isa = PBXFileReference; lastKnownFileType = folder; name = SurfaceBackedComponent; path = "../node_modules/react-native/Libraries/SurfaceBackedComponent"; sourceTree = "<group>"; };
		5C2620532942606A00ACCAC1 /* HeapCapture */ = {isa = PBXFileReference; lastKnownFileType = folder; name = HeapCapture; path = "../node_modules/react-native/Libraries/HeapCapture"; sourceTree = "<group>"; };
		5C2620542942606A00ACCAC1 /* Animated */ = {isa = PBXFileReference; lastKnownFileType = folder; name = Animated; path = "../node_modules/react-native/Libraries/Animated"; sourceTree = "<group>"; };
		5C2620552942606A00ACCAC1 /* PushNotificationIOS */ = {isa = PBXFileReference; lastKnownFileType = folder; name = PushNotificationIOS; path = "../node_modules/react-native/Libraries/PushNotificationIOS"; sourceTree = "<group>"; };
		5C2620562942606B00ACCAC1 /* Utilities */ = {isa = PBXFileReference; lastKnownFileType = folder; name = Utilities; path = "../node_modules/react-native/Libraries/Utilities"; sourceTree = "<group>"; };
		5C2620572942606B00ACCAC1 /* StyleSheet */ = {isa = PBXFileReference; lastKnownFileType = folder; name = StyleSheet; path = "../node_modules/react-native/Libraries/StyleSheet"; sourceTree = "<group>"; };
		5C2620582942606B00ACCAC1 /* AppState */ = {isa = PBXFileReference; lastKnownFileType = folder; name = AppState; path = "../node_modules/react-native/Libraries/AppState"; sourceTree = "<group>"; };
		5C2620592942606B00ACCAC1 /* LogBox */ = {isa = PBXFileReference; lastKnownFileType = folder; name = LogBox; path = "../node_modules/react-native/Libraries/LogBox"; sourceTree = "<group>"; };
		5C26205A2942606B00ACCAC1 /* Core */ = {isa = PBXFileReference; lastKnownFileType = folder; name = Core; path = "../node_modules/react-native/Libraries/Core"; sourceTree = "<group>"; };
		5C26205B2942606C00ACCAC1 /* Interaction */ = {isa = PBXFileReference; lastKnownFileType = folder; name = Interaction; path = "../node_modules/react-native/Libraries/Interaction"; sourceTree = "<group>"; };
		5C26205C2942606C00ACCAC1 /* Settings */ = {isa = PBXFileReference; lastKnownFileType = folder; name = Settings; path = "../node_modules/react-native/Libraries/Settings"; sourceTree = "<group>"; };
		5C26205D2942606C00ACCAC1 /* BatchedBridge */ = {isa = PBXFileReference; lastKnownFileType = folder; name = BatchedBridge; path = "../node_modules/react-native/Libraries/BatchedBridge"; sourceTree = "<group>"; };
		5C26205E2942606C00ACCAC1 /* Wrapper */ = {isa = PBXFileReference; lastKnownFileType = folder; name = Wrapper; path = "../node_modules/react-native/Libraries/Wrapper"; sourceTree = "<group>"; };
		5C26205F2942606C00ACCAC1 /* TypeSafety */ = {isa = PBXFileReference; lastKnownFileType = folder; name = TypeSafety; path = "../node_modules/react-native/Libraries/TypeSafety"; sourceTree = "<group>"; };
		5C2620602942606C00ACCAC1 /* Lists */ = {isa = PBXFileReference; lastKnownFileType = folder; name = Lists; path = "../node_modules/react-native/Libraries/Lists"; sourceTree = "<group>"; };
		5C2620612942606D00ACCAC1 /* polyfills */ = {isa = PBXFileReference; lastKnownFileType = folder; name = polyfills; path = "../node_modules/react-native/Libraries/polyfills"; sourceTree = "<group>"; };
		5C2620622942606D00ACCAC1 /* vendor */ = {isa = PBXFileReference; lastKnownFileType = folder; name = vendor; path = "../node_modules/react-native/Libraries/vendor"; sourceTree = "<group>"; };
		5C2620632942606D00ACCAC1 /* Types */ = {isa = PBXFileReference; lastKnownFileType = folder; name = Types; path = "../node_modules/react-native/Libraries/Types"; sourceTree = "<group>"; };
		5C2620642942606D00ACCAC1 /* Vibration */ = {isa = PBXFileReference; lastKnownFileType = folder; name = Vibration; path = "../node_modules/react-native/Libraries/Vibration"; sourceTree = "<group>"; };
		5C2620652942606D00ACCAC1 /* NativeModules */ = {isa = PBXFileReference; lastKnownFileType = folder; name = NativeModules; path = "../node_modules/react-native/Libraries/NativeModules"; sourceTree = "<group>"; };
		5C2620662942606D00ACCAC1 /* Storage */ = {isa = PBXFileReference; lastKnownFileType = folder; name = Storage; path = "../node_modules/react-native/Libraries/Storage"; sourceTree = "<group>"; };
		5C2620672942606D00ACCAC1 /* ActionSheetIOS */ = {isa = PBXFileReference; lastKnownFileType = folder; name = ActionSheetIOS; path = "../node_modules/react-native/Libraries/ActionSheetIOS"; sourceTree = "<group>"; };
		5C2620682942606E00ACCAC1 /* Alert */ = {isa = PBXFileReference; lastKnownFileType = folder; name = Alert; path = "../node_modules/react-native/Libraries/Alert"; sourceTree = "<group>"; };
		5C2620692942606E00ACCAC1 /* Components */ = {isa = PBXFileReference; lastKnownFileType = folder; name = Components; path = "../node_modules/react-native/Libraries/Components"; sourceTree = "<group>"; };
		5C26206A2942606E00ACCAC1 /* LinkingIOS */ = {isa = PBXFileReference; lastKnownFileType = folder; name = LinkingIOS; path = "../node_modules/react-native/Libraries/LinkingIOS"; sourceTree = "<group>"; };
		5C26206B2942606E00ACCAC1 /* Text */ = {isa = PBXFileReference; lastKnownFileType = folder; name = Text; path = "../node_modules/react-native/Libraries/Text"; sourceTree = "<group>"; };
		5C26206C2942606E00ACCAC1 /* Linking */ = {isa = PBXFileReference; lastKnownFileType = folder; name = Linking; path = "../node_modules/react-native/Libraries/Linking"; sourceTree = "<group>"; };
		5C26206D2942606F00ACCAC1 /* DeprecatedPropTypes */ = {isa = PBXFileReference; lastKnownFileType = folder; name = DeprecatedPropTypes; path = "../node_modules/react-native/Libraries/DeprecatedPropTypes"; sourceTree = "<group>"; };
		5C26206E2942606F00ACCAC1 /* Pressability */ = {isa = PBXFileReference; lastKnownFileType = folder; name = Pressability; path = "../node_modules/react-native/Libraries/Pressability"; sourceTree = "<group>"; };
		5C26206F2942606F00ACCAC1 /* Renderer */ = {isa = PBXFileReference; lastKnownFileType = folder; name = Renderer; path = "../node_modules/react-native/Libraries/Renderer"; sourceTree = "<group>"; };
		5C2620702942606F00ACCAC1 /* NativeAnimation */ = {isa = PBXFileReference; lastKnownFileType = folder; name = NativeAnimation; path = "../node_modules/react-native/Libraries/NativeAnimation"; sourceTree = "<group>"; };
		5C2620712942606F00ACCAC1 /* Modal */ = {isa = PBXFileReference; lastKnownFileType = folder; name = Modal; path = "../node_modules/react-native/Libraries/Modal"; sourceTree = "<group>"; };
		5C2620722942606F00ACCAC1 /* TurboModule */ = {isa = PBXFileReference; lastKnownFileType = folder; name = TurboModule; path = "../node_modules/react-native/Libraries/TurboModule"; sourceTree = "<group>"; };
		5C2620732942607000ACCAC1 /* EventEmitter */ = {isa = PBXFileReference; lastKnownFileType = folder; name = EventEmitter; path = "../node_modules/react-native/Libraries/EventEmitter"; sourceTree = "<group>"; };
		5C2620742942607000ACCAC1 /* Share */ = {isa = PBXFileReference; lastKnownFileType = folder; name = Share; path = "../node_modules/react-native/Libraries/Share"; sourceTree = "<group>"; };
		5C2620752942607000ACCAC1 /* YellowBox */ = {isa = PBXFileReference; lastKnownFileType = folder; name = YellowBox; path = "../node_modules/react-native/Libraries/YellowBox"; sourceTree = "<group>"; };
		5C2620762942607000ACCAC1 /* WebSocket */ = {isa = PBXFileReference; lastKnownFileType = folder; name = WebSocket; path = "../node_modules/react-native/Libraries/WebSocket"; sourceTree = "<group>"; };
		5C2620772942607100ACCAC1 /* JSInspector */ = {isa = PBXFileReference; lastKnownFileType = folder; name = JSInspector; path = "../node_modules/react-native/Libraries/JSInspector"; sourceTree = "<group>"; };
		5C2620782942607100ACCAC1 /* RCTRequired */ = {isa = PBXFileReference; lastKnownFileType = folder; name = RCTRequired; path = "../node_modules/react-native/Libraries/RCTRequired"; sourceTree = "<group>"; };
		5C2620792942607100ACCAC1 /* ART */ = {isa = PBXFileReference; lastKnownFileType = folder; name = ART; path = "../node_modules/react-native/Libraries/ART"; sourceTree = "<group>"; };
		5C26207A2942607100ACCAC1 /* Blob */ = {isa = PBXFileReference; lastKnownFileType = folder; name = Blob; path = "../node_modules/react-native/Libraries/Blob"; sourceTree = "<group>"; };
		5C26207B2942607200ACCAC1 /* CameraRoll */ = {isa = PBXFileReference; lastKnownFileType = folder; name = CameraRoll; path = "../node_modules/react-native/Libraries/CameraRoll"; sourceTree = "<group>"; };
		5C26207C2942607200ACCAC1 /* SurfaceHostingComponent */ = {isa = PBXFileReference; lastKnownFileType = folder; name = SurfaceHostingComponent; path = "../node_modules/react-native/Libraries/SurfaceHostingComponent"; sourceTree = "<group>"; };
		5C26207D2942607200ACCAC1 /* FBReactNativeSpec */ = {isa = PBXFileReference; lastKnownFileType = folder; name = FBReactNativeSpec; path = "../node_modules/react-native/Libraries/FBReactNativeSpec"; sourceTree = "<group>"; };
		5C26207E2942607200ACCAC1 /* BugReporting */ = {isa = PBXFileReference; lastKnownFileType = folder; name = BugReporting; path = "../node_modules/react-native/Libraries/BugReporting"; sourceTree = "<group>"; };
		5C26207F2942607200ACCAC1 /* FBLazyVector */ = {isa = PBXFileReference; lastKnownFileType = folder; name = FBLazyVector; path = "../node_modules/react-native/Libraries/FBLazyVector"; sourceTree = "<group>"; };
		5C2620802942607300ACCAC1 /* Image */ = {isa = PBXFileReference; lastKnownFileType = folder; name = Image; path = "../node_modules/react-native/Libraries/Image"; sourceTree = "<group>"; };
		5C2620812942607300ACCAC1 /* ReactNative */ = {isa = PBXFileReference; lastKnownFileType = folder; name = ReactNative; path = "../node_modules/react-native/Libraries/ReactNative"; sourceTree = "<group>"; };
		5C2620822942607300ACCAC1 /* NewAppScreen */ = {isa = PBXFileReference; lastKnownFileType = folder; name = NewAppScreen; path = "../node_modules/react-native/Libraries/NewAppScreen"; sourceTree = "<group>"; };
		5C2620832942607300ACCAC1 /* Inspector */ = {isa = PBXFileReference; lastKnownFileType = folder; name = Inspector; path = "../node_modules/react-native/Libraries/Inspector"; sourceTree = "<group>"; };
		5C2620842942607300ACCAC1 /* Performance */ = {isa = PBXFileReference; lastKnownFileType = folder; name = Performance; path = "../node_modules/react-native/Libraries/Performance"; sourceTree = "<group>"; };
		5C2620852942607400ACCAC1 /* LayoutAnimation */ = {isa = PBXFileReference; lastKnownFileType = folder; name = LayoutAnimation; path = "../node_modules/react-native/Libraries/LayoutAnimation"; sourceTree = "<group>"; };
		5C2620BD294260C600ACCAC1 /* libViroReact.a */ = {isa = PBXFileReference; lastKnownFileType = archive.ar; name = libViroReact.a; path = "../node_modules/@viro-community/react-viro/ios/dist/lib/libViroReact.a"; sourceTree = "<group>"; };
		5C2620BF2942636900ACCAC1 /* ViroRenderer */ = {isa = PBXFileReference; lastKnownFileType = folder; name = ViroRenderer; path = "../node_modules/@viro-community/react-viro/ios/dist/ViroRenderer"; sourceTree = "<group>"; };
		5C2620C129426AEA00ACCAC1 /* ARKit.framework */ = {isa = PBXFileReference; lastKnownFileType = wrapper.framework; name = ARKit.framework; path = System/Library/Frameworks/ARKit.framework; sourceTree = SDKROOT; };
		5C2620C329426B0300ACCAC1 /* AssetsLibrary.framework */ = {isa = PBXFileReference; lastKnownFileType = wrapper.framework; name = AssetsLibrary.framework; path = System/Library/Frameworks/AssetsLibrary.framework; sourceTree = SDKROOT; };
		5C2620C529426B7400ACCAC1 /* libReact-Core.a */ = {isa = PBXFileReference; explicitFileType = archive.ar; path = "libReact-Core.a"; sourceTree = BUILT_PRODUCTS_DIR; };
		5C2620F7294296E500ACCAC1 /* bootsplash_logo@4x.png */ = {isa = PBXFileReference; lastKnownFileType = image.png; name = "bootsplash_logo@4x.png"; path = "../assets/bootsplash_logo@4x.png"; sourceTree = "<group>"; };
		5C2620F8294296E500ACCAC1 /* vrx */ = {isa = PBXFileReference; lastKnownFileType = folder; name = vrx; path = ../assets/vrx; sourceTree = "<group>"; };
		5C2620F9294296E500ACCAC1 /* mp3 */ = {isa = PBXFileReference; lastKnownFileType = folder; name = mp3; path = ../assets/mp3; sourceTree = "<group>"; };
		5C2620FA294296E500ACCAC1 /* bootsplash_logo@2x.png */ = {isa = PBXFileReference; lastKnownFileType = image.png; name = "bootsplash_logo@2x.png"; path = "../assets/bootsplash_logo@2x.png"; sourceTree = "<group>"; };
		5C2620FB294296E600ACCAC1 /* bootsplash_logo@3x.png */ = {isa = PBXFileReference; lastKnownFileType = image.png; name = "bootsplash_logo@3x.png"; path = "../assets/bootsplash_logo@3x.png"; sourceTree = "<group>"; };
		5C2620FC294296E600ACCAC1 /* bootsplash_logo@1,5x.png */ = {isa = PBXFileReference; lastKnownFileType = image.png; name = "bootsplash_logo@1,5x.png"; path = "../assets/bootsplash_logo@1,5x.png"; sourceTree = "<group>"; };
		5C2620FD294296E600ACCAC1 /* fonts */ = {isa = PBXFileReference; lastKnownFileType = folder; name = fonts; path = ../assets/fonts; sourceTree = "<group>"; };
		5C2620FE294296E600ACCAC1 /* images */ = {isa = PBXFileReference; lastKnownFileType = folder; name = images; path = ../assets/images; sourceTree = "<group>"; };
		5C2620FF294296E600ACCAC1 /* bootsplash_logo.png */ = {isa = PBXFileReference; lastKnownFileType = image.png; name = bootsplash_logo.png; path = ../assets/bootsplash_logo.png; sourceTree = "<group>"; };
		5C262109294297FD00ACCAC1 /* assets */ = {isa = PBXFileReference; lastKnownFileType = folder; name = assets; path = ../assets; sourceTree = SOURCE_ROOT; };
		5C29FBFA2942499B00BE91AB /* LaunchScreen.storyboard */ = {isa = PBXFileReference; lastKnownFileType = file.storyboard; path = LaunchScreen.storyboard; sourceTree = "<group>"; };
		5C2ACDAE2940175100D1DF0A /* Info.plist */ = {isa = PBXFileReference; lastKnownFileType = text.plist.xml; name = Info.plist; path = BotranExperience/Info.plist; sourceTree = "<group>"; };
		5C83D8577C1E4845AACD13FC /* libRNGestureHandler.a */ = {isa = PBXFileReference; explicitFileType = undefined; fileEncoding = 9; includeInIndex = 0; lastKnownFileType = archive.ar; path = libRNGestureHandler.a; sourceTree = "<group>"; };
		65C4209D7DE64233A6905E8B /* libRNLocalize-tvOS.a */ = {isa = PBXFileReference; explicitFileType = undefined; fileEncoding = 9; includeInIndex = 0; lastKnownFileType = archive.ar; path = "libRNLocalize-tvOS.a"; sourceTree = "<group>"; };
		77256A02D70CA211C5EE661E /* Pods-BotranExperience.release.xcconfig */ = {isa = PBXFileReference; includeInIndex = 1; lastKnownFileType = text.xcconfig; name = "Pods-BotranExperience.release.xcconfig"; path = "Target Support Files/Pods-BotranExperience/Pods-BotranExperience.release.xcconfig"; sourceTree = "<group>"; };
		A00E81C9CB04444BB66120EB /* libreactnativeuilib.a */ = {isa = PBXFileReference; explicitFileType = undefined; fileEncoding = 9; includeInIndex = 0; lastKnownFileType = archive.ar; path = libreactnativeuilib.a; sourceTree = "<group>"; };
		AAAA3F1906574E769036A7F7 /* libRNVectorIcons-tvOS.a */ = {isa = PBXFileReference; explicitFileType = undefined; fileEncoding = 9; includeInIndex = 0; lastKnownFileType = archive.ar; path = "libRNVectorIcons-tvOS.a"; sourceTree = "<group>"; };
		D11FA3534CDD4F18ACC10110 /* Pods-BotranExperience.debug.xcconfig */ = {isa = PBXFileReference; includeInIndex = 1; lastKnownFileType = text.xcconfig; name = "Pods-BotranExperience.debug.xcconfig"; path = "Target Support Files/Pods-BotranExperience/Pods-BotranExperience.debug.xcconfig"; sourceTree = "<group>"; };
		ED297162215061F000B7C4FE /* JavaScriptCore.framework */ = {isa = PBXFileReference; lastKnownFileType = wrapper.framework; name = JavaScriptCore.framework; path = System/Library/Frameworks/JavaScriptCore.framework; sourceTree = SDKROOT; };
/* End PBXFileReference section */

/* Begin PBXFrameworksBuildPhase section */
		13B07F8C1A680F5B00A75B9A /* Frameworks */ = {
			isa = PBXFrameworksBuildPhase;
			buildActionMask = 2147483647;
			files = (
				5C2620C629426B7400ACCAC1 /* libReact-Core.a in Frameworks */,
				5C2620C429426B0300ACCAC1 /* AssetsLibrary.framework in Frameworks */,
				5C2620C229426AEA00ACCAC1 /* ARKit.framework in Frameworks */,
				ED297163215061F000B7C4FE /* JavaScriptCore.framework in Frameworks */,
				EA799BC01B9A7A335FA3EEA9 /* libPods-BotranExperience.a in Frameworks */,
				5C2620BE294260C600ACCAC1 /* libViroReact.a in Frameworks */,
			);
			runOnlyForDeploymentPostprocessing = 0;
		};
/* End PBXFrameworksBuildPhase section */

/* Begin PBXGroup section */
		13B07FAE1A68108700A75B9A /* BotranExperience */ = {
			isa = PBXGroup;
			children = (
				13B07FAF1A68108700A75B9A /* AppDelegate.h */,
				13B07FB01A68108700A75B9A /* AppDelegate.m */,
				13B07FB51A68108700A75B9A /* Images.xcassets */,
				5C2ACDAE2940175100D1DF0A /* Info.plist */,
				13B07FB71A68108700A75B9A /* main.m */,
				5C29FBFA2942499B00BE91AB /* LaunchScreen.storyboard */,
			);
			name = BotranExperience;
			sourceTree = "<group>";
		};
		1F0C21CDCEB64BC39FF5F603 /* Resources */ = {
			isa = PBXGroup;
			children = (
				5C2620F6294296CE00ACCAC1 /* assets */,
			);
			name = Resources;
			sourceTree = "<group>";
		};
		2D16E6871FA4F8E400B85C8A /* Frameworks */ = {
			isa = PBXGroup;
			children = (
				5C2620C529426B7400ACCAC1 /* libReact-Core.a */,
				5C2620C329426B0300ACCAC1 /* AssetsLibrary.framework */,
				5C2620C129426AEA00ACCAC1 /* ARKit.framework */,
				ED297162215061F000B7C4FE /* JavaScriptCore.framework */,
				2D16E6891FA4F8E400B85C8A /* libReact.a */,
				3C425F60B03E5671AF73E2FE /* libPods-BotranExperience.a */,
			);
			name = Frameworks;
			sourceTree = "<group>";
		};
		5C2620F6294296CE00ACCAC1 /* assets */ = {
			isa = PBXGroup;
			children = (
				5C2620FD294296E600ACCAC1 /* fonts */,
				5C2620FE294296E600ACCAC1 /* images */,
				5C2620F9294296E500ACCAC1 /* mp3 */,
				5C2620F8294296E500ACCAC1 /* vrx */,
				5C2620FF294296E600ACCAC1 /* bootsplash_logo.png */,
				5C2620FC294296E600ACCAC1 /* bootsplash_logo@1,5x.png */,
				5C2620FA294296E500ACCAC1 /* bootsplash_logo@2x.png */,
				5C2620FB294296E600ACCAC1 /* bootsplash_logo@3x.png */,
				5C2620F7294296E500ACCAC1 /* bootsplash_logo@4x.png */,
			);
			name = assets;
			sourceTree = SOURCE_ROOT;
		};
		832341AE1AAA6A7D00B99B32 /* Libraries */ = {
			isa = PBXGroup;
			children = (
				5C2620BF2942636900ACCAC1 /* ViroRenderer */,
				5C2620BD294260C600ACCAC1 /* libViroReact.a */,
				5C2620672942606D00ACCAC1 /* ActionSheetIOS */,
				5C2620682942606E00ACCAC1 /* Alert */,
				5C2620542942606A00ACCAC1 /* Animated */,
				5C2620582942606B00ACCAC1 /* AppState */,
				5C2620792942607100ACCAC1 /* ART */,
				5C26205D2942606C00ACCAC1 /* BatchedBridge */,
				5C26207A2942607100ACCAC1 /* Blob */,
				5C26207E2942607200ACCAC1 /* BugReporting */,
				5C26207B2942607200ACCAC1 /* CameraRoll */,
				5C2620692942606E00ACCAC1 /* Components */,
				5C26205A2942606B00ACCAC1 /* Core */,
				5C26206D2942606F00ACCAC1 /* DeprecatedPropTypes */,
				5C2620732942607000ACCAC1 /* EventEmitter */,
				5C26207F2942607200ACCAC1 /* FBLazyVector */,
				5C26207D2942607200ACCAC1 /* FBReactNativeSpec */,
				5C2620532942606A00ACCAC1 /* HeapCapture */,
				5C2620802942607300ACCAC1 /* Image */,
				5C2620832942607300ACCAC1 /* Inspector */,
				5C26205B2942606C00ACCAC1 /* Interaction */,
				5C2620772942607100ACCAC1 /* JSInspector */,
				5C2620852942607400ACCAC1 /* LayoutAnimation */,
				5C26206C2942606E00ACCAC1 /* Linking */,
				5C26206A2942606E00ACCAC1 /* LinkingIOS */,
				5C2620602942606C00ACCAC1 /* Lists */,
				5C2620592942606B00ACCAC1 /* LogBox */,
				5C2620712942606F00ACCAC1 /* Modal */,
				5C2620702942606F00ACCAC1 /* NativeAnimation */,
				5C2620652942606D00ACCAC1 /* NativeModules */,
				5C26204F2942606A00ACCAC1 /* Network */,
				5C2620822942607300ACCAC1 /* NewAppScreen */,
				5C2620842942607300ACCAC1 /* Performance */,
				5C2620512942606A00ACCAC1 /* PermissionsAndroid */,
				5C2620612942606D00ACCAC1 /* polyfills */,
				5C26206E2942606F00ACCAC1 /* Pressability */,
				5C2620552942606A00ACCAC1 /* PushNotificationIOS */,
				5C2620782942607100ACCAC1 /* RCTRequired */,
				5C2620812942607300ACCAC1 /* ReactNative */,
				5C2620502942606A00ACCAC1 /* ReactPrivate */,
				5C26206F2942606F00ACCAC1 /* Renderer */,
				5C26205C2942606C00ACCAC1 /* Settings */,
				5C2620742942607000ACCAC1 /* Share */,
				5C2620662942606D00ACCAC1 /* Storage */,
				5C2620572942606B00ACCAC1 /* StyleSheet */,
				5C2620522942606A00ACCAC1 /* SurfaceBackedComponent */,
				5C26207C2942607200ACCAC1 /* SurfaceHostingComponent */,
				5C26206B2942606E00ACCAC1 /* Text */,
				5C2620722942606F00ACCAC1 /* TurboModule */,
				5C2620632942606D00ACCAC1 /* Types */,
				5C26205F2942606C00ACCAC1 /* TypeSafety */,
				5C2620562942606B00ACCAC1 /* Utilities */,
				5C2620622942606D00ACCAC1 /* vendor */,
				5C2620642942606D00ACCAC1 /* Vibration */,
				5C2620762942607000ACCAC1 /* WebSocket */,
				5C26205E2942606C00ACCAC1 /* Wrapper */,
				5C2620752942607000ACCAC1 /* YellowBox */,
			);
			name = Libraries;
			sourceTree = "<group>";
		};
		83CBB9F61A601CBA00E9B192 = {
			isa = PBXGroup;
			children = (
				28692AE52946AAE100576CAB /* HarbourBold.otf */,
				28692AE32946AADD00576CAB /* MuseoSansRounded900.otf */,
				28692AE12946AAD700576CAB /* MuseoSansRounded300.otf */,
				28692ADF2946A99D00576CAB /* MuseoSansRounded500.otf */,
				5C262109294297FD00ACCAC1 /* assets */,
				13B07FAE1A68108700A75B9A /* BotranExperience */,
				832341AE1AAA6A7D00B99B32 /* Libraries */,
				83CBBA001A601CBA00E9B192 /* Products */,
				2D16E6871FA4F8E400B85C8A /* Frameworks */,
				1F0C21CDCEB64BC39FF5F603 /* Resources */,
				A3FAD643FCBC261CA2927B34 /* Pods */,
				A999D3F9236AE31B006CBF5D /* Recovered References */,
			);
			indentWidth = 2;
			sourceTree = "<group>";
			tabWidth = 2;
			usesTabs = 0;
		};
		83CBBA001A601CBA00E9B192 /* Products */ = {
			isa = PBXGroup;
			children = (
				13B07F961A680F5B00A75B9A /* BotranExperience.app */,
			);
			name = Products;
			sourceTree = "<group>";
		};
		A3FAD643FCBC261CA2927B34 /* Pods */ = {
			isa = PBXGroup;
			children = (
				D11FA3534CDD4F18ACC10110 /* Pods-BotranExperience.debug.xcconfig */,
				77256A02D70CA211C5EE661E /* Pods-BotranExperience.release.xcconfig */,
			);
			path = Pods;
			sourceTree = "<group>";
		};
		A999D3F9236AE31B006CBF5D /* Recovered References */ = {
			isa = PBXGroup;
			children = (
				5C83D8577C1E4845AACD13FC /* libRNGestureHandler.a */,
				25737DBE6AF547DDBC2F6349 /* libBVLinearGradient.a */,
				132B6454729E49DD91A745D0 /* libRNLocalize.a */,
				A00E81C9CB04444BB66120EB /* libreactnativeuilib.a */,
				219F5D48B8424050955A6450 /* libRNVectorIcons.a */,
				65C4209D7DE64233A6905E8B /* libRNLocalize-tvOS.a */,
				AAAA3F1906574E769036A7F7 /* libRNVectorIcons-tvOS.a */,
			);
			name = "Recovered References";
			sourceTree = "<group>";
		};
/* End PBXGroup section */

/* Begin PBXNativeTarget section */
		13B07F861A680F5B00A75B9A /* BotranExperience */ = {
			isa = PBXNativeTarget;
			buildConfigurationList = 13B07F931A680F5B00A75B9A /* Build configuration list for PBXNativeTarget "BotranExperience" */;
			buildPhases = (
				1C44759E695E40F7554C085F /* [CP] Check Pods Manifest.lock */,
				13B07F871A680F5B00A75B9A /* Sources */,
				13B07F8C1A680F5B00A75B9A /* Frameworks */,
				13B07F8E1A680F5B00A75B9A /* Resources */,
				00DD1BFF1BD5951E006B06BC /* Bundle React Native code and images */,
				F66700B3E915C47EE8822FE6 /* [CP] Copy Pods Resources */,
				E097B92D9E2FB56EE1A73714 /* [CP] Embed Pods Frameworks */,
			);
			buildRules = (
			);
			dependencies = (
			);
			name = BotranExperience;
			productName = "Hello World";
			productReference = 13B07F961A680F5B00A75B9A /* BotranExperience.app */;
			productType = "com.apple.product-type.application";
		};
/* End PBXNativeTarget section */

/* Begin PBXProject section */
		83CBB9F71A601CBA00E9B192 /* Project object */ = {
			isa = PBXProject;
			attributes = {
				LastUpgradeCheck = 1410;
				ORGANIZATIONNAME = Facebook;
				TargetAttributes = {
					13B07F861A680F5B00A75B9A = {
						DevelopmentTeam = K9FWZ9Y7MZ;
					};
				};
			};
			buildConfigurationList = 83CBB9FA1A601CBA00E9B192 /* Build configuration list for PBXProject "BotranExperience" */;
			compatibilityVersion = "Xcode 13.0";
			developmentRegion = en;
			hasScannedForEncodings = 0;
			knownRegions = (
				en,
			);
			mainGroup = 83CBB9F61A601CBA00E9B192;
			productRefGroup = 83CBBA001A601CBA00E9B192 /* Products */;
			projectDirPath = "";
			projectRoot = "";
			targets = (
				13B07F861A680F5B00A75B9A /* BotranExperience */,
			);
		};
/* End PBXProject section */

/* Begin PBXResourcesBuildPhase section */
		13B07F8E1A680F5B00A75B9A /* Resources */ = {
			isa = PBXResourcesBuildPhase;
			buildActionMask = 2147483647;
			files = (
				28692AE62946AAE100576CAB /* HarbourBold.otf in Resources */,
				28692AE22946AAD700576CAB /* MuseoSansRounded300.otf in Resources */,
				28692AE02946A99D00576CAB /* MuseoSansRounded500.otf in Resources */,
				28692AE42946AADD00576CAB /* MuseoSansRounded900.otf in Resources */,
				5C262103294296E600ACCAC1 /* bootsplash_logo@2x.png in Resources */,
				5C26208D2942607400ACCAC1 /* Utilities in Resources */,
				5C262102294296E600ACCAC1 /* mp3 in Resources */,
				5C262108294296E600ACCAC1 /* bootsplash_logo.png in Resources */,
				5C2620A22942607400ACCAC1 /* Text in Resources */,
				5C262100294296E600ACCAC1 /* bootsplash_logo@4x.png in Resources */,
				5C26208F2942607400ACCAC1 /* AppState in Resources */,
				5C262107294296E600ACCAC1 /* images in Resources */,
				5C262101294296E600ACCAC1 /* vrx in Resources */,
				5C2620A72942607400ACCAC1 /* NativeAnimation in Resources */,
				5C2620B22942607400ACCAC1 /* CameraRoll in Resources */,
				5C26210B2942994100ACCAC1 /* assets in Resources */,
				5C2620A82942607400ACCAC1 /* Modal in Resources */,
				5C262104294296E600ACCAC1 /* bootsplash_logo@3x.png in Resources */,
				5C26208B2942607400ACCAC1 /* Animated in Resources */,
				13B07FBF1A68108700A75B9A /* Images.xcassets in Resources */,
				5C29FBFB2942499B00BE91AB /* LaunchScreen.storyboard in Resources */,
				5C2620C02942636900ACCAC1 /* ViroRenderer in Resources */,
				5C26208E2942607400ACCAC1 /* StyleSheet in Resources */,
				5C2620982942607400ACCAC1 /* polyfills in Resources */,
				5C262105294296E600ACCAC1 /* bootsplash_logo@1,5x.png in Resources */,
				5C2620912942607400ACCAC1 /* Core in Resources */,
				5C2620B82942607400ACCAC1 /* ReactNative in Resources */,
				5C2620A02942607400ACCAC1 /* Components in Resources */,
				5C2620882942607400ACCAC1 /* PermissionsAndroid in Resources */,
			);
			runOnlyForDeploymentPostprocessing = 0;
		};
/* End PBXResourcesBuildPhase section */

/* Begin PBXShellScriptBuildPhase section */
		00DD1BFF1BD5951E006B06BC /* Bundle React Native code and images */ = {
			isa = PBXShellScriptBuildPhase;
			alwaysOutOfDate = 1;
			buildActionMask = 2147483647;
			files = (
			);
			inputPaths = (
			);
			name = "Bundle React Native code and images";
			outputPaths = (
			);
			runOnlyForDeploymentPostprocessing = 0;
			shellPath = /bin/sh;
			shellScript = "export NODE_BINARY=node\n../node_modules/react-native/scripts/react-native-xcode.sh\n";
		};
		1C44759E695E40F7554C085F /* [CP] Check Pods Manifest.lock */ = {
			isa = PBXShellScriptBuildPhase;
			buildActionMask = 2147483647;
			files = (
			);
			inputFileListPaths = (
			);
			inputPaths = (
				"${PODS_PODFILE_DIR_PATH}/Podfile.lock",
				"${PODS_ROOT}/Manifest.lock",
			);
			name = "[CP] Check Pods Manifest.lock";
			outputFileListPaths = (
			);
			outputPaths = (
				"$(DERIVED_FILE_DIR)/Pods-BotranExperience-checkManifestLockResult.txt",
			);
			runOnlyForDeploymentPostprocessing = 0;
			shellPath = /bin/sh;
			shellScript = "diff \"${PODS_PODFILE_DIR_PATH}/Podfile.lock\" \"${PODS_ROOT}/Manifest.lock\" > /dev/null\nif [ $? != 0 ] ; then\n    # print error to STDERR\n    echo \"error: The sandbox is not in sync with the Podfile.lock. Run 'pod install' or update your CocoaPods installation.\" >&2\n    exit 1\nfi\n# This output is used by Xcode 'outputs' to avoid re-running this script phase.\necho \"SUCCESS\" > \"${SCRIPT_OUTPUT_FILE_0}\"\n";
			showEnvVarsInLog = 0;
		};
		E097B92D9E2FB56EE1A73714 /* [CP] Embed Pods Frameworks */ = {
			isa = PBXShellScriptBuildPhase;
			alwaysOutOfDate = 1;
			buildActionMask = 2147483647;
			files = (
			);
			inputFileListPaths = (
				"${PODS_ROOT}/Target Support Files/Pods-BotranExperience/Pods-BotranExperience-frameworks-${CONFIGURATION}-input-files.xcfilelist",
			);
			name = "[CP] Embed Pods Frameworks";
			outputFileListPaths = (
				"${PODS_ROOT}/Target Support Files/Pods-BotranExperience/Pods-BotranExperience-frameworks-${CONFIGURATION}-output-files.xcfilelist",
			);
			runOnlyForDeploymentPostprocessing = 0;
			shellPath = /bin/sh;
			shellScript = "\"${PODS_ROOT}/Target Support Files/Pods-BotranExperience/Pods-BotranExperience-frameworks.sh\"\n";
			showEnvVarsInLog = 0;
		};
		F66700B3E915C47EE8822FE6 /* [CP] Copy Pods Resources */ = {
			isa = PBXShellScriptBuildPhase;
			alwaysOutOfDate = 1;
			buildActionMask = 2147483647;
			files = (
			);
			inputFileListPaths = (
				"${PODS_ROOT}/Target Support Files/Pods-BotranExperience/Pods-BotranExperience-resources-${CONFIGURATION}-input-files.xcfilelist",
			);
			name = "[CP] Copy Pods Resources";
			outputFileListPaths = (
				"${PODS_ROOT}/Target Support Files/Pods-BotranExperience/Pods-BotranExperience-resources-${CONFIGURATION}-output-files.xcfilelist",
			);
			runOnlyForDeploymentPostprocessing = 0;
			shellPath = /bin/sh;
			shellScript = "\"${PODS_ROOT}/Target Support Files/Pods-BotranExperience/Pods-BotranExperience-resources.sh\"\n";
			showEnvVarsInLog = 0;
		};
/* End PBXShellScriptBuildPhase section */

/* Begin PBXSourcesBuildPhase section */
		13B07F871A680F5B00A75B9A /* Sources */ = {
			isa = PBXSourcesBuildPhase;
			buildActionMask = 2147483647;
			files = (
				13B07FBC1A68108700A75B9A /* AppDelegate.m in Sources */,
				13B07FC11A68108700A75B9A /* main.m in Sources */,
			);
			runOnlyForDeploymentPostprocessing = 0;
		};
/* End PBXSourcesBuildPhase section */

/* Begin XCBuildConfiguration section */
		13B07F941A680F5B00A75B9A /* Debug */ = {
			isa = XCBuildConfiguration;
			baseConfigurationReference = D11FA3534CDD4F18ACC10110 /* Pods-BotranExperience.debug.xcconfig */;
			buildSettings = {
				ASSETCATALOG_COMPILER_APPICON_NAME = AppIcon;
				ASSETCATALOG_COMPILER_INCLUDE_ALL_APPICON_ASSETS = YES;
				CURRENT_PROJECT_VERSION = 1;
				DEVELOPMENT_ASSET_PATHS = ../assets;
				DEVELOPMENT_TEAM = K9FWZ9Y7MZ;
				HEADER_SEARCH_PATHS = (
					"$(inherited)",
					"$(SRCROOT)/../node_modules/react-native-gesture-handler/ios/**",
					"$(SRCROOT)/../node_modules/react-native-linear-gradient/BVLinearGradient",
					"$(SRCROOT)/../node_modules/react-native-localize/ios",
					"$(SRCROOT)/../node_modules/react-native-ui-lib/lib/ios/reactnativeuilib/**",
					"$(SRCROOT)/../node_modules/react-native-vector-icons/RNVectorIconsManager",
					"$(SRCROOT)/../node_modules/@viro-community/ios/**",
					"$(SRCROOT)/../node_modules/react-native/Libraries/**",
					"$(SRCROOT)/assets/**",
				);
				INFOPLIST_FILE = BotranExperience/Info.plist;
				INFOPLIST_KEY_CFBundleDisplayName = "Botran AR Experience";
				INFOPLIST_KEY_LSApplicationCategoryType = "public.app-category.food-and-drink";
				IPHONEOS_DEPLOYMENT_TARGET = 15.6;
				LD_RUNPATH_SEARCH_PATHS = (
					"$(inherited)",
					"@executable_path/Frameworks",
				);
				MARKETING_VERSION = 0.0.1;
				OTHER_LDFLAGS = (
					"$(inherited)",
					"-ObjC",
					"-lc++",
				);
				PRODUCT_BUNDLE_IDENTIFIER = org.reactjs.native.code.BotranExperience;
				PRODUCT_NAME = BotranExperience;
				SUPPORTED_PLATFORMS = "iphoneos iphonesimulator";
				SUPPORTS_MACCATALYST = NO;
				SUPPORTS_MAC_DESIGNED_FOR_IPHONE_IPAD = NO;
				TARGETED_DEVICE_FAMILY = 1;
				VERSIONING_SYSTEM = "apple-generic";
			};
			name = Debug;
		};
		13B07F951A680F5B00A75B9A /* Release */ = {
			isa = XCBuildConfiguration;
			baseConfigurationReference = 77256A02D70CA211C5EE661E /* Pods-BotranExperience.release.xcconfig */;
			buildSettings = {
				ASSETCATALOG_COMPILER_APPICON_NAME = AppIcon;
				ASSETCATALOG_COMPILER_INCLUDE_ALL_APPICON_ASSETS = YES;
				CURRENT_PROJECT_VERSION = 1;
				DEVELOPMENT_ASSET_PATHS = ../assets;
				DEVELOPMENT_TEAM = K9FWZ9Y7MZ;
				HEADER_SEARCH_PATHS = (
					"$(inherited)",
					"$(SRCROOT)/../node_modules/react-native-gesture-handler/ios/**",
					"$(SRCROOT)/../node_modules/react-native-linear-gradient/BVLinearGradient",
					"$(SRCROOT)/../node_modules/react-native-localize/ios",
					"$(SRCROOT)/../node_modules/react-native-ui-lib/lib/ios/reactnativeuilib/**",
					"$(SRCROOT)/../node_modules/react-native-vector-icons/RNVectorIconsManager",
					"$(SRCROOT)/../node_modules/@viro-community/ios/**",
					"$(SRCROOT)/../node_modules/react-native/Libraries/**",
					"$(SRCROOT)/assets/**",
				);
				INFOPLIST_FILE = BotranExperience/Info.plist;
				INFOPLIST_KEY_CFBundleDisplayName = "Botran AR Experience";
				INFOPLIST_KEY_LSApplicationCategoryType = "public.app-category.food-and-drink";
				IPHONEOS_DEPLOYMENT_TARGET = 15.6;
				LD_RUNPATH_SEARCH_PATHS = (
					"$(inherited)",
					"@executable_path/Frameworks",
				);
				MARKETING_VERSION = 0.0.1;
				OTHER_LDFLAGS = (
					"$(inherited)",
					"-ObjC",
					"-lc++",
				);
				PRODUCT_BUNDLE_IDENTIFIER = org.reactjs.native.code.BotranExperience;
				PRODUCT_NAME = BotranExperience;
				SUPPORTED_PLATFORMS = "iphoneos iphonesimulator";
				SUPPORTS_MACCATALYST = NO;
				SUPPORTS_MAC_DESIGNED_FOR_IPHONE_IPAD = NO;
				TARGETED_DEVICE_FAMILY = 1;
				VERSIONING_SYSTEM = "apple-generic";
			};
			name = Release;
		};
		83CBBA201A601CBA00E9B192 /* Debug */ = {
			isa = XCBuildConfiguration;
			buildSettings = {
				ALWAYS_SEARCH_USER_PATHS = NO;
				CLANG_ANALYZER_LOCALIZABILITY_NONLOCALIZED = YES;
				CLANG_CXX_LANGUAGE_STANDARD = "gnu++0x";
				CLANG_CXX_LIBRARY = "libc++";
				CLANG_ENABLE_MODULES = YES;
				CLANG_ENABLE_OBJC_ARC = YES;
				CLANG_WARN_BLOCK_CAPTURE_AUTORELEASING = YES;
				CLANG_WARN_BOOL_CONVERSION = YES;
				CLANG_WARN_COMMA = YES;
				CLANG_WARN_CONSTANT_CONVERSION = YES;
				CLANG_WARN_DEPRECATED_OBJC_IMPLEMENTATIONS = YES;
				CLANG_WARN_DIRECT_OBJC_ISA_USAGE = YES_ERROR;
				CLANG_WARN_EMPTY_BODY = YES;
				CLANG_WARN_ENUM_CONVERSION = YES;
				CLANG_WARN_INFINITE_RECURSION = YES;
				CLANG_WARN_INT_CONVERSION = YES;
				CLANG_WARN_NON_LITERAL_NULL_CONVERSION = YES;
				CLANG_WARN_OBJC_IMPLICIT_RETAIN_SELF = YES;
				CLANG_WARN_OBJC_LITERAL_CONVERSION = YES;
				CLANG_WARN_OBJC_ROOT_CLASS = YES_ERROR;
				CLANG_WARN_QUOTED_INCLUDE_IN_FRAMEWORK_HEADER = YES;
				CLANG_WARN_RANGE_LOOP_ANALYSIS = YES;
				CLANG_WARN_STRICT_PROTOTYPES = YES;
				CLANG_WARN_SUSPICIOUS_MOVE = YES;
				CLANG_WARN_UNREACHABLE_CODE = YES;
				CLANG_WARN__DUPLICATE_METHOD_MATCH = YES;
				"CODE_SIGN_IDENTITY[sdk=iphoneos*]" = "iPhone Developer";
				COPY_PHASE_STRIP = NO;
				ENABLE_STRICT_OBJC_MSGSEND = YES;
				ENABLE_TESTABILITY = YES;
				GCC_C_LANGUAGE_STANDARD = gnu99;
				GCC_DYNAMIC_NO_PIC = NO;
				GCC_NO_COMMON_BLOCKS = YES;
				GCC_OPTIMIZATION_LEVEL = 0;
				GCC_PREPROCESSOR_DEFINITIONS = (
					"DEBUG=1",
					"$(inherited)",
				);
				GCC_SYMBOLS_PRIVATE_EXTERN = NO;
				GCC_WARN_64_TO_32_BIT_CONVERSION = YES;
				GCC_WARN_ABOUT_RETURN_TYPE = YES_ERROR;
				GCC_WARN_UNDECLARED_SELECTOR = YES;
				GCC_WARN_UNINITIALIZED_AUTOS = YES_AGGRESSIVE;
				GCC_WARN_UNUSED_FUNCTION = YES;
				GCC_WARN_UNUSED_VARIABLE = YES;
				IPHONEOS_DEPLOYMENT_TARGET = 15.6;
				MTL_ENABLE_DEBUG_INFO = YES;
				ONLY_ACTIVE_ARCH = YES;
				SDKROOT = iphoneos;
			};
			name = Debug;
		};
		83CBBA211A601CBA00E9B192 /* Release */ = {
			isa = XCBuildConfiguration;
			buildSettings = {
				ALWAYS_SEARCH_USER_PATHS = NO;
				CLANG_ANALYZER_LOCALIZABILITY_NONLOCALIZED = YES;
				CLANG_CXX_LANGUAGE_STANDARD = "gnu++0x";
				CLANG_CXX_LIBRARY = "libc++";
				CLANG_ENABLE_MODULES = YES;
				CLANG_ENABLE_OBJC_ARC = YES;
				CLANG_WARN_BLOCK_CAPTURE_AUTORELEASING = YES;
				CLANG_WARN_BOOL_CONVERSION = YES;
				CLANG_WARN_COMMA = YES;
				CLANG_WARN_CONSTANT_CONVERSION = YES;
				CLANG_WARN_DEPRECATED_OBJC_IMPLEMENTATIONS = YES;
				CLANG_WARN_DIRECT_OBJC_ISA_USAGE = YES_ERROR;
				CLANG_WARN_EMPTY_BODY = YES;
				CLANG_WARN_ENUM_CONVERSION = YES;
				CLANG_WARN_INFINITE_RECURSION = YES;
				CLANG_WARN_INT_CONVERSION = YES;
				CLANG_WARN_NON_LITERAL_NULL_CONVERSION = YES;
				CLANG_WARN_OBJC_IMPLICIT_RETAIN_SELF = YES;
				CLANG_WARN_OBJC_LITERAL_CONVERSION = YES;
				CLANG_WARN_OBJC_ROOT_CLASS = YES_ERROR;
				CLANG_WARN_QUOTED_INCLUDE_IN_FRAMEWORK_HEADER = YES;
				CLANG_WARN_RANGE_LOOP_ANALYSIS = YES;
				CLANG_WARN_STRICT_PROTOTYPES = YES;
				CLANG_WARN_SUSPICIOUS_MOVE = YES;
				CLANG_WARN_UNREACHABLE_CODE = YES;
				CLANG_WARN__DUPLICATE_METHOD_MATCH = YES;
				"CODE_SIGN_IDENTITY[sdk=iphoneos*]" = "iPhone Developer";
				COPY_PHASE_STRIP = YES;
				ENABLE_NS_ASSERTIONS = NO;
				ENABLE_STRICT_OBJC_MSGSEND = YES;
				GCC_C_LANGUAGE_STANDARD = gnu99;
				GCC_NO_COMMON_BLOCKS = YES;
				GCC_WARN_64_TO_32_BIT_CONVERSION = YES;
				GCC_WARN_ABOUT_RETURN_TYPE = YES_ERROR;
				GCC_WARN_UNDECLARED_SELECTOR = YES;
				GCC_WARN_UNINITIALIZED_AUTOS = YES_AGGRESSIVE;
				GCC_WARN_UNUSED_FUNCTION = YES;
				GCC_WARN_UNUSED_VARIABLE = YES;
				IPHONEOS_DEPLOYMENT_TARGET = 15.6;
				MTL_ENABLE_DEBUG_INFO = NO;
				ONLY_ACTIVE_ARCH = YES;
				SDKROOT = iphoneos;
				VALIDATE_PRODUCT = YES;
			};
			name = Release;
		};
/* End XCBuildConfiguration section */

/* Begin XCConfigurationList section */
		13B07F931A680F5B00A75B9A /* Build configuration list for PBXNativeTarget "BotranExperience" */ = {
			isa = XCConfigurationList;
			buildConfigurations = (
				13B07F941A680F5B00A75B9A /* Debug */,
				13B07F951A680F5B00A75B9A /* Release */,
			);
			defaultConfigurationIsVisible = 0;
			defaultConfigurationName = Release;
		};
		83CBB9FA1A601CBA00E9B192 /* Build configuration list for PBXProject "BotranExperience" */ = {
			isa = XCConfigurationList;
			buildConfigurations = (
				83CBBA201A601CBA00E9B192 /* Debug */,
				83CBBA211A601CBA00E9B192 /* Release */,
			);
			defaultConfigurationIsVisible = 0;
			defaultConfigurationName = Release;
		};
/* End XCConfigurationList section */
	};
	rootObject = 83CBB9F71A601CBA00E9B192 /* Project object */;
}
